{
  "originHash" : "963ae5d78931282391d6a959d7d040ad404d6312b641da82c1c974d395fa65c1",
  "pins" : [
    {
      "identity" : "atomwireguardtunnel",
      "kind" : "remoteSourceControl",
      "location" : "https://github.com/AtomSDK/AtomWireguardTunnel",
      "state" : {
        "branch" : "main",
        "revision" : "4715cfc83dc5792d67f091d84d562a8e520c1fc3"
      }
    },
    {
      "identity" : "wireguard-apple",
      "kind" : "remoteSourceControl",
      "location" : "https://github.com/AtomSDK/wireguard-apple",
      "state" : {
        "revision" : "cfbfb32f2092996e47ab5dabfdbdf93619f5cd5c",
        "version" : "3.0.0"
      }
    }
  ],
  "version" : 3
}
